// !$*UTF8*$!
{
	archiveVersion = 1;
	classes = {
	};
	objectVersion = 56;
	objects = {

/* Begin PBXBuildFile section */
		ECBB4AE62B4B236200145771 /* AppDelegate.swift in Sources */ = {isa = PBXBuildFile; fileRef = ECBB4AE52B4B236200145771 /* AppDelegate.swift */; };
		ECBB4AE82B4B236200145771 /* SceneDelegate.swift in Sources */ = {isa = PBXBuildFile; fileRef = ECBB4AE72B4B236200145771 /* SceneDelegate.swift */; };
		ECBB4AEA2B4B236200145771 /* ViewController.swift in Sources */ = {isa = PBXBuildFile; fileRef = ECBB4AE92B4B236200145771 /* ViewController.swift */; };
		ECBB4AEF2B4B236400145771 /* Assets.xcassets in Resources */ = {isa = PBXBuildFile; fileRef = ECBB4AEE2B4B236400145771 /* Assets.xcassets */; };
		ECBB4AF22B4B236400145771 /* LaunchScreen.storyboard in Resources */ = {isa = PBXBuildFile; fileRef = ECBB4AF02B4B236400145771 /* LaunchScreen.storyboard */; };
		ECBB4B012B4B257D00145771 /* AlamofireService.swift in Sources */ = {isa = PBXBuildFile; fileRef = ECBB4B002B4B257D00145771 /* AlamofireService.swift */; };
		ECBB4B042B4B258D00145771 /* Alamofire in Frameworks */ = {isa = PBXBuildFile; productRef = ECBB4B032B4B258D00145771 /* Alamofire */; };
		ECBB4B072B4B298D00145771 /* UserModel.swift in Sources */ = {isa = PBXBuildFile; fileRef = ECBB4B062B4B298D00145771 /* UserModel.swift */; };
		ECBB4B092B4B299500145771 /* Product.swift in Sources */ = {isa = PBXBuildFile; fileRef = ECBB4B082B4B299500145771 /* Product.swift */; };
		ECBB4B0B2B4B29A200145771 /* CartItem.swift in Sources */ = {isa = PBXBuildFile; fileRef = ECBB4B0A2B4B29A200145771 /* CartItem.swift */; };
		ECBB4B0E2B4B2F3900145771 /* String+Ext.swift in Sources */ = {isa = PBXBuildFile; fileRef = ECBB4B0D2B4B2F3900145771 /* String+Ext.swift */; };
		ECBB4B102B4B2F7F00145771 /* UIStackView+Ext.swift in Sources */ = {isa = PBXBuildFile; fileRef = ECBB4B0F2B4B2F7F00145771 /* UIStackView+Ext.swift */; };
		ECBB4B142B4B325E00145771 /* CustomButton.swift in Sources */ = {isa = PBXBuildFile; fileRef = ECBB4B132B4B325E00145771 /* CustomButton.swift */; };
		ECBB4B172B4B34A200145771 /* CustomTextField.swift in Sources */ = {isa = PBXBuildFile; fileRef = ECBB4B162B4B34A200145771 /* CustomTextField.swift */; };
		ECBB4B1A2B4B37F400145771 /* TitleLabel.swift in Sources */ = {isa = PBXBuildFile; fileRef = ECBB4B192B4B37F400145771 /* TitleLabel.swift */; };
		ECBB4B1C2B4B384900145771 /* SecondaryTitleLabel.swift in Sources */ = {isa = PBXBuildFile; fileRef = ECBB4B1B2B4B384900145771 /* SecondaryTitleLabel.swift */; };
		ECBB4B222B4B396900145771 /* LoginView.swift in Sources */ = {isa = PBXBuildFile; fileRef = ECBB4B212B4B396900145771 /* LoginView.swift */; };
		ECBB4B252B4B3AFA00145771 /* SnapKit in Frameworks */ = {isa = PBXBuildFile; productRef = ECBB4B242B4B3AFA00145771 /* SnapKit */; };
		ECBB4B272B4B3AFA00145771 /* SnapKit-Dynamic in Frameworks */ = {isa = PBXBuildFile; productRef = ECBB4B262B4B3AFA00145771 /* SnapKit-Dynamic */; };
		ECBB4B292B4C455500145771 /* SnapKit in Frameworks */ = {isa = PBXBuildFile; productRef = ECBB4B282B4C455500145771 /* SnapKit */; };
		ECBB4B2B2B4C455500145771 /* SnapKit-Dynamic in Frameworks */ = {isa = PBXBuildFile; productRef = ECBB4B2A2B4C455500145771 /* SnapKit-Dynamic */; };
		ECBB4B2D2B4D848000145771 /* LoginVC.swift in Sources */ = {isa = PBXBuildFile; fileRef = ECBB4B2C2B4D848000145771 /* LoginVC.swift */; };
		ECBB4B302B4D945200145771 /* AuthViewModel.swift in Sources */ = {isa = PBXBuildFile; fileRef = ECBB4B2F2B4D945200145771 /* AuthViewModel.swift */; };
		ECBB4B3E2B4D954F00145771 /* FirebaseAuthManager.swift in Sources */ = {isa = PBXBuildFile; fileRef = ECBB4B3D2B4D954F00145771 /* FirebaseAuthManager.swift */; };
		ECBB4B402B4D959B00145771 /* ApplicationVariables.swift in Sources */ = {isa = PBXBuildFile; fileRef = ECBB4B3F2B4D959B00145771 /* ApplicationVariables.swift */; };
		ECBB4B4E2B4D980000145771 /* RegisterView.swift in Sources */ = {isa = PBXBuildFile; fileRef = ECBB4B4D2B4D980000145771 /* RegisterView.swift */; };
		ECBB4B512B4DAFEC00145771 /* ForgotPasswordView.swift in Sources */ = {isa = PBXBuildFile; fileRef = ECBB4B502B4DAFEC00145771 /* ForgotPasswordView.swift */; };
		ECBB4B542B4E8A3900145771 /* FirebaseAnalytics in Frameworks */ = {isa = PBXBuildFile; productRef = ECBB4B532B4E8A3900145771 /* FirebaseAnalytics */; };
		ECBB4B562B4E8A3900145771 /* FirebaseAnalyticsOnDeviceConversion in Frameworks */ = {isa = PBXBuildFile; productRef = ECBB4B552B4E8A3900145771 /* FirebaseAnalyticsOnDeviceConversion */; };
		ECBB4B582B4E8A3900145771 /* FirebaseAnalyticsSwift in Frameworks */ = {isa = PBXBuildFile; productRef = ECBB4B572B4E8A3900145771 /* FirebaseAnalyticsSwift */; };
		ECBB4B5A2B4E8A3900145771 /* FirebaseAnalyticsWithoutAdIdSupport in Frameworks */ = {isa = PBXBuildFile; productRef = ECBB4B592B4E8A3900145771 /* FirebaseAnalyticsWithoutAdIdSupport */; };
		ECBB4B5C2B4E8A3900145771 /* FirebaseAppCheck in Frameworks */ = {isa = PBXBuildFile; productRef = ECBB4B5B2B4E8A3900145771 /* FirebaseAppCheck */; };
		ECBB4B5E2B4E8A3900145771 /* FirebaseAppDistribution-Beta in Frameworks */ = {isa = PBXBuildFile; productRef = ECBB4B5D2B4E8A3900145771 /* FirebaseAppDistribution-Beta */; };
		ECBB4B602B4E8A3900145771 /* FirebaseAuth in Frameworks */ = {isa = PBXBuildFile; productRef = ECBB4B5F2B4E8A3900145771 /* FirebaseAuth */; };
		ECBB4B622B4E8A3900145771 /* FirebaseAuthCombine-Community in Frameworks */ = {isa = PBXBuildFile; productRef = ECBB4B612B4E8A3900145771 /* FirebaseAuthCombine-Community */; };
		ECBB4B642B4E8A3900145771 /* FirebaseCrashlytics in Frameworks */ = {isa = PBXBuildFile; productRef = ECBB4B632B4E8A3900145771 /* FirebaseCrashlytics */; };
		ECBB4B662B4E8A3900145771 /* FirebaseDatabase in Frameworks */ = {isa = PBXBuildFile; productRef = ECBB4B652B4E8A3900145771 /* FirebaseDatabase */; };
		ECBB4B682B4E8A3900145771 /* FirebaseDatabaseSwift in Frameworks */ = {isa = PBXBuildFile; productRef = ECBB4B672B4E8A3900145771 /* FirebaseDatabaseSwift */; };
		ECBB4B6A2B4E8A3900145771 /* FirebaseDynamicLinks in Frameworks */ = {isa = PBXBuildFile; productRef = ECBB4B692B4E8A3900145771 /* FirebaseDynamicLinks */; };
		ECBB4B6C2B4E8A3900145771 /* FirebaseFirestore in Frameworks */ = {isa = PBXBuildFile; productRef = ECBB4B6B2B4E8A3900145771 /* FirebaseFirestore */; };
		ECBB4B6E2B4E8A3900145771 /* FirebaseFirestoreCombine-Community in Frameworks */ = {isa = PBXBuildFile; productRef = ECBB4B6D2B4E8A3900145771 /* FirebaseFirestoreCombine-Community */; };
		ECBB4B702B4E8A3900145771 /* FirebaseFirestoreSwift in Frameworks */ = {isa = PBXBuildFile; productRef = ECBB4B6F2B4E8A3900145771 /* FirebaseFirestoreSwift */; };
		ECBB4B722B4E8A3900145771 /* FirebaseFunctions in Frameworks */ = {isa = PBXBuildFile; productRef = ECBB4B712B4E8A3900145771 /* FirebaseFunctions */; };
		ECBB4B742B4E8A3900145771 /* FirebaseFunctionsCombine-Community in Frameworks */ = {isa = PBXBuildFile; productRef = ECBB4B732B4E8A3900145771 /* FirebaseFunctionsCombine-Community */; };
		ECBB4B762B4E8A3900145771 /* FirebaseInAppMessaging-Beta in Frameworks */ = {isa = PBXBuildFile; productRef = ECBB4B752B4E8A3900145771 /* FirebaseInAppMessaging-Beta */; };
		ECBB4B782B4E8A3900145771 /* FirebaseInAppMessagingSwift-Beta in Frameworks */ = {isa = PBXBuildFile; productRef = ECBB4B772B4E8A3900145771 /* FirebaseInAppMessagingSwift-Beta */; };
		ECBB4B7A2B4E8A3900145771 /* FirebaseInstallations in Frameworks */ = {isa = PBXBuildFile; productRef = ECBB4B792B4E8A3900145771 /* FirebaseInstallations */; };
		ECBB4B7C2B4E8A3900145771 /* FirebaseMLModelDownloader in Frameworks */ = {isa = PBXBuildFile; productRef = ECBB4B7B2B4E8A3900145771 /* FirebaseMLModelDownloader */; };
		ECBB4B7E2B4E8A3900145771 /* FirebaseMessaging in Frameworks */ = {isa = PBXBuildFile; productRef = ECBB4B7D2B4E8A3900145771 /* FirebaseMessaging */; };
		ECBB4B802B4E8A3900145771 /* FirebasePerformance in Frameworks */ = {isa = PBXBuildFile; productRef = ECBB4B7F2B4E8A3900145771 /* FirebasePerformance */; };
		ECBB4B822B4E8A3900145771 /* FirebaseRemoteConfig in Frameworks */ = {isa = PBXBuildFile; productRef = ECBB4B812B4E8A3900145771 /* FirebaseRemoteConfig */; };
		ECBB4B842B4E8A3900145771 /* FirebaseRemoteConfigSwift in Frameworks */ = {isa = PBXBuildFile; productRef = ECBB4B832B4E8A3900145771 /* FirebaseRemoteConfigSwift */; };
		ECBB4B862B4E8A3900145771 /* FirebaseStorage in Frameworks */ = {isa = PBXBuildFile; productRef = ECBB4B852B4E8A3900145771 /* FirebaseStorage */; };
		ECBB4B882B4E8A3900145771 /* FirebaseStorageCombine-Community in Frameworks */ = {isa = PBXBuildFile; productRef = ECBB4B872B4E8A3900145771 /* FirebaseStorageCombine-Community */; };
		ECBB4B8A2B4E9BED00145771 /* FirestoreService.swift in Sources */ = {isa = PBXBuildFile; fileRef = ECBB4B892B4E9BED00145771 /* FirestoreService.swift */; };
		ECCA07462B4FF7BC000E7052 /* RegisterVC.swift in Sources */ = {isa = PBXBuildFile; fileRef = ECCA07452B4FF7BC000E7052 /* RegisterVC.swift */; };
		ECCA07492B4FF8FF000E7052 /* MainTabBarController.swift in Sources */ = {isa = PBXBuildFile; fileRef = ECCA07482B4FF8FF000E7052 /* MainTabBarController.swift */; };
		ECCA074B2B50047D000E7052 /* ForgotPasswordVC.swift in Sources */ = {isa = PBXBuildFile; fileRef = ECCA074A2B50047D000E7052 /* ForgotPasswordVC.swift */; };
		ECCA074E2B5006B3000E7052 /* GoogleSignIn in Frameworks */ = {isa = PBXBuildFile; productRef = ECCA074D2B5006B3000E7052 /* GoogleSignIn */; };
		ECCA07502B5006B3000E7052 /* GoogleSignInSwift in Frameworks */ = {isa = PBXBuildFile; productRef = ECCA074F2B5006B3000E7052 /* GoogleSignInSwift */; };
		ECCA07532B5008B9000E7052 /* AlertVC.swift in Sources */ = {isa = PBXBuildFile; fileRef = ECCA07522B5008B9000E7052 /* AlertVC.swift */; };
		ECCA07552B5008F8000E7052 /* AlertContainerView.swift in Sources */ = {isa = PBXBuildFile; fileRef = ECCA07542B5008F8000E7052 /* AlertContainerView.swift */; };
		ECCA07572B5017B9000E7052 /* UIViewController+Ext.swift in Sources */ = {isa = PBXBuildFile; fileRef = ECCA07562B5017B9000E7052 /* UIViewController+Ext.swift */; };
		ECCA07592B501867000E7052 /* LoadingView.swift in Sources */ = {isa = PBXBuildFile; fileRef = ECCA07582B501867000E7052 /* LoadingView.swift */; };
		ECCA075C2B5172E8000E7052 /* HomeVC.swift in Sources */ = {isa = PBXBuildFile; fileRef = ECCA075B2B5172E8000E7052 /* HomeVC.swift */; };
		ECCA075F2B517334000E7052 /* SearchVC.swift in Sources */ = {isa = PBXBuildFile; fileRef = ECCA075E2B517334000E7052 /* SearchVC.swift */; };
		ECCA07622B517378000E7052 /* CartVC.swift in Sources */ = {isa = PBXBuildFile; fileRef = ECCA07612B517378000E7052 /* CartVC.swift */; };
		ECCA07652B5173AE000E7052 /* ProfileVC.swift in Sources */ = {isa = PBXBuildFile; fileRef = ECCA07642B5173AE000E7052 /* ProfileVC.swift */; };
		ECCA07682B532C59000E7052 /* CustomImageView.swift in Sources */ = {isa = PBXBuildFile; fileRef = ECCA07672B532C59000E7052 /* CustomImageView.swift */; };
		ECCA076C2B532FBE000E7052 /* SpecialCollectionCell.swift in Sources */ = {isa = PBXBuildFile; fileRef = ECCA076B2B532FBE000E7052 /* SpecialCollectionCell.swift */; };
		ECCA076F2B53E89C000E7052 /* Kingfisher in Frameworks */ = {isa = PBXBuildFile; productRef = ECCA076E2B53E89C000E7052 /* Kingfisher */; };
		ECCA07712B543C16000E7052 /* CategoryCollectionCell.swift in Sources */ = {isa = PBXBuildFile; fileRef = ECCA07702B543C16000E7052 /* CategoryCollectionCell.swift */; };
/* End PBXBuildFile section */

/* Begin PBXFileReference section */
		ECBB4AE22B4B236200145771 /* E-Commerce.app */ = {isa = PBXFileReference; explicitFileType = wrapper.application; includeInIndex = 0; path = "E-Commerce.app"; sourceTree = BUILT_PRODUCTS_DIR; };
		ECBB4AE52B4B236200145771 /* AppDelegate.swift */ = {isa = PBXFileReference; lastKnownFileType = sourcecode.swift; path = AppDelegate.swift; sourceTree = "<group>"; };
		ECBB4AE72B4B236200145771 /* SceneDelegate.swift */ = {isa = PBXFileReference; lastKnownFileType = sourcecode.swift; path = SceneDelegate.swift; sourceTree = "<group>"; };
		ECBB4AE92B4B236200145771 /* ViewController.swift */ = {isa = PBXFileReference; lastKnownFileType = sourcecode.swift; path = ViewController.swift; sourceTree = "<group>"; };
		ECBB4AEE2B4B236400145771 /* Assets.xcassets */ = {isa = PBXFileReference; lastKnownFileType = folder.assetcatalog; path = Assets.xcassets; sourceTree = "<group>"; };
		ECBB4AF12B4B236400145771 /* Base */ = {isa = PBXFileReference; lastKnownFileType = file.storyboard; name = Base; path = Base.lproj/LaunchScreen.storyboard; sourceTree = "<group>"; };
		ECBB4AF32B4B236400145771 /* Info.plist */ = {isa = PBXFileReference; lastKnownFileType = text.plist.xml; path = Info.plist; sourceTree = "<group>"; };
		ECBB4AFC2B4B250A00145771 /* Superlative.ttf */ = {isa = PBXFileReference; lastKnownFileType = file; path = Superlative.ttf; sourceTree = "<group>"; };
		ECBB4B002B4B257D00145771 /* AlamofireService.swift */ = {isa = PBXFileReference; lastKnownFileType = sourcecode.swift; path = AlamofireService.swift; sourceTree = "<group>"; };
		ECBB4B062B4B298D00145771 /* UserModel.swift */ = {isa = PBXFileReference; lastKnownFileType = sourcecode.swift; path = UserModel.swift; sourceTree = "<group>"; };
		ECBB4B082B4B299500145771 /* Product.swift */ = {isa = PBXFileReference; lastKnownFileType = sourcecode.swift; path = Product.swift; sourceTree = "<group>"; };
		ECBB4B0A2B4B29A200145771 /* CartItem.swift */ = {isa = PBXFileReference; lastKnownFileType = sourcecode.swift; path = CartItem.swift; sourceTree = "<group>"; };
		ECBB4B0D2B4B2F3900145771 /* String+Ext.swift */ = {isa = PBXFileReference; lastKnownFileType = sourcecode.swift; path = "String+Ext.swift"; sourceTree = "<group>"; };
		ECBB4B0F2B4B2F7F00145771 /* UIStackView+Ext.swift */ = {isa = PBXFileReference; lastKnownFileType = sourcecode.swift; path = "UIStackView+Ext.swift"; sourceTree = "<group>"; };
		ECBB4B132B4B325E00145771 /* CustomButton.swift */ = {isa = PBXFileReference; lastKnownFileType = sourcecode.swift; path = CustomButton.swift; sourceTree = "<group>"; };
		ECBB4B162B4B34A200145771 /* CustomTextField.swift */ = {isa = PBXFileReference; lastKnownFileType = sourcecode.swift; path = CustomTextField.swift; sourceTree = "<group>"; };
		ECBB4B192B4B37F400145771 /* TitleLabel.swift */ = {isa = PBXFileReference; lastKnownFileType = sourcecode.swift; path = TitleLabel.swift; sourceTree = "<group>"; };
		ECBB4B1B2B4B384900145771 /* SecondaryTitleLabel.swift */ = {isa = PBXFileReference; lastKnownFileType = sourcecode.swift; path = SecondaryTitleLabel.swift; sourceTree = "<group>"; };
		ECBB4B212B4B396900145771 /* LoginView.swift */ = {isa = PBXFileReference; lastKnownFileType = sourcecode.swift; path = LoginView.swift; sourceTree = "<group>"; };
		ECBB4B2C2B4D848000145771 /* LoginVC.swift */ = {isa = PBXFileReference; lastKnownFileType = sourcecode.swift; path = LoginVC.swift; sourceTree = "<group>"; };
		ECBB4B2F2B4D945200145771 /* AuthViewModel.swift */ = {isa = PBXFileReference; lastKnownFileType = sourcecode.swift; path = AuthViewModel.swift; sourceTree = "<group>"; };
		ECBB4B3D2B4D954F00145771 /* FirebaseAuthManager.swift */ = {isa = PBXFileReference; lastKnownFileType = sourcecode.swift; path = FirebaseAuthManager.swift; sourceTree = "<group>"; };
		ECBB4B3F2B4D959B00145771 /* ApplicationVariables.swift */ = {isa = PBXFileReference; lastKnownFileType = sourcecode.swift; path = ApplicationVariables.swift; sourceTree = "<group>"; };
		ECBB4B4D2B4D980000145771 /* RegisterView.swift */ = {isa = PBXFileReference; lastKnownFileType = sourcecode.swift; path = RegisterView.swift; sourceTree = "<group>"; };
		ECBB4B502B4DAFEC00145771 /* ForgotPasswordView.swift */ = {isa = PBXFileReference; lastKnownFileType = sourcecode.swift; path = ForgotPasswordView.swift; sourceTree = "<group>"; };
		ECBB4B892B4E9BED00145771 /* FirestoreService.swift */ = {isa = PBXFileReference; lastKnownFileType = sourcecode.swift; path = FirestoreService.swift; sourceTree = "<group>"; };
		ECCA07452B4FF7BC000E7052 /* RegisterVC.swift */ = {isa = PBXFileReference; lastKnownFileType = sourcecode.swift; path = RegisterVC.swift; sourceTree = "<group>"; };
		ECCA07482B4FF8FF000E7052 /* MainTabBarController.swift */ = {isa = PBXFileReference; lastKnownFileType = sourcecode.swift; path = MainTabBarController.swift; sourceTree = "<group>"; };
		ECCA074A2B50047D000E7052 /* ForgotPasswordVC.swift */ = {isa = PBXFileReference; lastKnownFileType = sourcecode.swift; path = ForgotPasswordVC.swift; sourceTree = "<group>"; };
		ECCA07522B5008B9000E7052 /* AlertVC.swift */ = {isa = PBXFileReference; lastKnownFileType = sourcecode.swift; path = AlertVC.swift; sourceTree = "<group>"; };
		ECCA07542B5008F8000E7052 /* AlertContainerView.swift */ = {isa = PBXFileReference; lastKnownFileType = sourcecode.swift; path = AlertContainerView.swift; sourceTree = "<group>"; };
		ECCA07562B5017B9000E7052 /* UIViewController+Ext.swift */ = {isa = PBXFileReference; lastKnownFileType = sourcecode.swift; path = "UIViewController+Ext.swift"; sourceTree = "<group>"; };
		ECCA07582B501867000E7052 /* LoadingView.swift */ = {isa = PBXFileReference; lastKnownFileType = sourcecode.swift; path = LoadingView.swift; sourceTree = "<group>"; };
		ECCA075B2B5172E8000E7052 /* HomeVC.swift */ = {isa = PBXFileReference; lastKnownFileType = sourcecode.swift; path = HomeVC.swift; sourceTree = "<group>"; };
		ECCA075E2B517334000E7052 /* SearchVC.swift */ = {isa = PBXFileReference; lastKnownFileType = sourcecode.swift; path = SearchVC.swift; sourceTree = "<group>"; };
		ECCA07612B517378000E7052 /* CartVC.swift */ = {isa = PBXFileReference; lastKnownFileType = sourcecode.swift; path = CartVC.swift; sourceTree = "<group>"; };
		ECCA07642B5173AE000E7052 /* ProfileVC.swift */ = {isa = PBXFileReference; lastKnownFileType = sourcecode.swift; path = ProfileVC.swift; sourceTree = "<group>"; };
		ECCA07672B532C59000E7052 /* CustomImageView.swift */ = {isa = PBXFileReference; lastKnownFileType = sourcecode.swift; path = CustomImageView.swift; sourceTree = "<group>"; };
		ECCA076B2B532FBE000E7052 /* SpecialCollectionCell.swift */ = {isa = PBXFileReference; lastKnownFileType = sourcecode.swift; path = SpecialCollectionCell.swift; sourceTree = "<group>"; };
		ECCA07702B543C16000E7052 /* CategoryCollectionCell.swift */ = {isa = PBXFileReference; lastKnownFileType = sourcecode.swift; path = CategoryCollectionCell.swift; sourceTree = "<group>"; };
/* End PBXFileReference section */

/* Begin PBXFrameworksBuildPhase section */
		ECBB4ADF2B4B236200145771 /* Frameworks */ = {
			isa = PBXFrameworksBuildPhase;
			buildActionMask = 2147483647;
			files = (
				ECBB4B7E2B4E8A3900145771 /* FirebaseMessaging in Frameworks */,
				ECBB4B6E2B4E8A3900145771 /* FirebaseFirestoreCombine-Community in Frameworks */,
				ECCA074E2B5006B3000E7052 /* GoogleSignIn in Frameworks */,
				ECBB4B662B4E8A3900145771 /* FirebaseDatabase in Frameworks */,
				ECBB4B2B2B4C455500145771 /* SnapKit-Dynamic in Frameworks */,
				ECBB4B862B4E8A3900145771 /* FirebaseStorage in Frameworks */,
				ECBB4B042B4B258D00145771 /* Alamofire in Frameworks */,
				ECBB4B542B4E8A3900145771 /* FirebaseAnalytics in Frameworks */,
				ECBB4B642B4E8A3900145771 /* FirebaseCrashlytics in Frameworks */,
				ECCA076F2B53E89C000E7052 /* Kingfisher in Frameworks */,
				ECCA07502B5006B3000E7052 /* GoogleSignInSwift in Frameworks */,
				ECBB4B6C2B4E8A3900145771 /* FirebaseFirestore in Frameworks */,
				ECBB4B6A2B4E8A3900145771 /* FirebaseDynamicLinks in Frameworks */,
				ECBB4B882B4E8A3900145771 /* FirebaseStorageCombine-Community in Frameworks */,
				ECBB4B562B4E8A3900145771 /* FirebaseAnalyticsOnDeviceConversion in Frameworks */,
				ECBB4B742B4E8A3900145771 /* FirebaseFunctionsCombine-Community in Frameworks */,
				ECBB4B782B4E8A3900145771 /* FirebaseInAppMessagingSwift-Beta in Frameworks */,
				ECBB4B7C2B4E8A3900145771 /* FirebaseMLModelDownloader in Frameworks */,
				ECBB4B762B4E8A3900145771 /* FirebaseInAppMessaging-Beta in Frameworks */,
				ECBB4B802B4E8A3900145771 /* FirebasePerformance in Frameworks */,
				ECBB4B622B4E8A3900145771 /* FirebaseAuthCombine-Community in Frameworks */,
				ECBB4B582B4E8A3900145771 /* FirebaseAnalyticsSwift in Frameworks */,
				ECBB4B682B4E8A3900145771 /* FirebaseDatabaseSwift in Frameworks */,
				ECBB4B292B4C455500145771 /* SnapKit in Frameworks */,
				ECBB4B822B4E8A3900145771 /* FirebaseRemoteConfig in Frameworks */,
				ECBB4B252B4B3AFA00145771 /* SnapKit in Frameworks */,
				ECBB4B602B4E8A3900145771 /* FirebaseAuth in Frameworks */,
				ECBB4B722B4E8A3900145771 /* FirebaseFunctions in Frameworks */,
				ECBB4B7A2B4E8A3900145771 /* FirebaseInstallations in Frameworks */,
				ECBB4B702B4E8A3900145771 /* FirebaseFirestoreSwift in Frameworks */,
				ECBB4B5A2B4E8A3900145771 /* FirebaseAnalyticsWithoutAdIdSupport in Frameworks */,
				ECBB4B5C2B4E8A3900145771 /* FirebaseAppCheck in Frameworks */,
				ECBB4B842B4E8A3900145771 /* FirebaseRemoteConfigSwift in Frameworks */,
				ECBB4B5E2B4E8A3900145771 /* FirebaseAppDistribution-Beta in Frameworks */,
				ECBB4B272B4B3AFA00145771 /* SnapKit-Dynamic in Frameworks */,
			);
			runOnlyForDeploymentPostprocessing = 0;
		};
/* End PBXFrameworksBuildPhase section */

/* Begin PBXGroup section */
		ECBB4AD92B4B236200145771 = {
			isa = PBXGroup;
			children = (
				ECBB4AE42B4B236200145771 /* E-Commerce */,
				ECBB4AE32B4B236200145771 /* Products */,
			);
			sourceTree = "<group>";
		};
		ECBB4AE32B4B236200145771 /* Products */ = {
			isa = PBXGroup;
			children = (
				ECBB4AE22B4B236200145771 /* E-Commerce.app */,
			);
			name = Products;
			sourceTree = "<group>";
		};
		ECBB4AE42B4B236200145771 /* E-Commerce */ = {
			isa = PBXGroup;
			children = (
				ECBB4B1E2B4B394700145771 /* Screens */,
				ECBB4B112B4B323700145771 /* CustomComponents */,
				ECBB4B0C2B4B2F1900145771 /* Extensions */,
				ECBB4B052B4B298100145771 /* Models */,
				ECBB4AFE2B4B255E00145771 /* Network */,
				ECBB4AF92B4B244800145771 /* Helpers */,
				ECBB4AE92B4B236200145771 /* ViewController.swift */,
				ECBB4AF32B4B236400145771 /* Info.plist */,
			);
			path = "E-Commerce";
			sourceTree = "<group>";
		};
		ECBB4AF92B4B244800145771 /* Helpers */ = {
			isa = PBXGroup;
			children = (
				ECBB4AFB2B4B24FE00145771 /* Font */,
				ECBB4AFA2B4B245B00145771 /* Support */,
			);
			path = Helpers;
			sourceTree = "<group>";
		};
		ECBB4AFA2B4B245B00145771 /* Support */ = {
			isa = PBXGroup;
			children = (
				ECBB4AE52B4B236200145771 /* AppDelegate.swift */,
				ECBB4AE72B4B236200145771 /* SceneDelegate.swift */,
				ECBB4AEE2B4B236400145771 /* Assets.xcassets */,
				ECBB4AF02B4B236400145771 /* LaunchScreen.storyboard */,
				ECBB4B3F2B4D959B00145771 /* ApplicationVariables.swift */,
			);
			name = Support;
			sourceTree = "<group>";
		};
		ECBB4AFB2B4B24FE00145771 /* Font */ = {
			isa = PBXGroup;
			children = (
				ECBB4AFC2B4B250A00145771 /* Superlative.ttf */,
			);
			name = Font;
			sourceTree = "<group>";
		};
		ECBB4AFE2B4B255E00145771 /* Network */ = {
			isa = PBXGroup;
			children = (
				ECBB4B3C2B4D954300145771 /* Manager */,
				ECBB4AFF2B4B257000145771 /* Service */,
			);
			path = Network;
			sourceTree = "<group>";
		};
		ECBB4AFF2B4B257000145771 /* Service */ = {
			isa = PBXGroup;
			children = (
				ECBB4B002B4B257D00145771 /* AlamofireService.swift */,
				ECBB4B892B4E9BED00145771 /* FirestoreService.swift */,
			);
			path = Service;
			sourceTree = "<group>";
		};
		ECBB4B052B4B298100145771 /* Models */ = {
			isa = PBXGroup;
			children = (
				ECBB4B062B4B298D00145771 /* UserModel.swift */,
				ECBB4B082B4B299500145771 /* Product.swift */,
				ECBB4B0A2B4B29A200145771 /* CartItem.swift */,
			);
			path = Models;
			sourceTree = "<group>";
		};
		ECBB4B0C2B4B2F1900145771 /* Extensions */ = {
			isa = PBXGroup;
			children = (
				ECBB4B0D2B4B2F3900145771 /* String+Ext.swift */,
				ECBB4B0F2B4B2F7F00145771 /* UIStackView+Ext.swift */,
				ECCA07562B5017B9000E7052 /* UIViewController+Ext.swift */,
				ECCA07582B501867000E7052 /* LoadingView.swift */,
			);
			path = Extensions;
			sourceTree = "<group>";
		};
		ECBB4B112B4B323700145771 /* CustomComponents */ = {
			isa = PBXGroup;
			children = (
				ECCA07662B532C4C000E7052 /* ImageView */,
				ECCA07512B5008A3000E7052 /* Alert */,
				ECBB4B182B4B37EB00145771 /* Labels */,
				ECBB4B152B4B349000145771 /* TextField */,
				ECBB4B122B4B324100145771 /* Button */,
			);
			path = CustomComponents;
			sourceTree = "<group>";
		};
		ECBB4B122B4B324100145771 /* Button */ = {
			isa = PBXGroup;
			children = (
				ECBB4B132B4B325E00145771 /* CustomButton.swift */,
			);
			path = Button;
			sourceTree = "<group>";
		};
		ECBB4B152B4B349000145771 /* TextField */ = {
			isa = PBXGroup;
			children = (
				ECBB4B162B4B34A200145771 /* CustomTextField.swift */,
			);
			path = TextField;
			sourceTree = "<group>";
		};
		ECBB4B182B4B37EB00145771 /* Labels */ = {
			isa = PBXGroup;
			children = (
				ECBB4B192B4B37F400145771 /* TitleLabel.swift */,
				ECBB4B1B2B4B384900145771 /* SecondaryTitleLabel.swift */,
			);
			path = Labels;
			sourceTree = "<group>";
		};
		ECBB4B1E2B4B394700145771 /* Screens */ = {
			isa = PBXGroup;
			children = (
				ECCA07632B5173A7000E7052 /* Profile */,
				ECCA07602B517368000E7052 /* Cart */,
				ECCA075D2B517327000E7052 /* Search */,
				ECCA075A2B5172E0000E7052 /* Home */,
				ECCA07472B4FF8EF000E7052 /* Tabbar */,
				ECBB4B1F2B4B394F00145771 /* Auth */,
			);
			path = Screens;
			sourceTree = "<group>";
		};
		ECBB4B1F2B4B394F00145771 /* Auth */ = {
			isa = PBXGroup;
			children = (
				ECBB4B4F2B4DAFD900145771 /* ForgotPassword */,
				ECBB4B4C2B4D97F800145771 /* Register */,
				ECBB4B2E2B4D944800145771 /* ViewModel */,
				ECBB4B202B4B395C00145771 /* Login */,
			);
			path = Auth;
			sourceTree = "<group>";
		};
		ECBB4B202B4B395C00145771 /* Login */ = {
			isa = PBXGroup;
			children = (
				ECBB4B212B4B396900145771 /* LoginView.swift */,
				ECBB4B2C2B4D848000145771 /* LoginVC.swift */,
			);
			path = Login;
			sourceTree = "<group>";
		};
		ECBB4B2E2B4D944800145771 /* ViewModel */ = {
			isa = PBXGroup;
			children = (
				ECBB4B2F2B4D945200145771 /* AuthViewModel.swift */,
			);
			path = ViewModel;
			sourceTree = "<group>";
		};
		ECBB4B3C2B4D954300145771 /* Manager */ = {
			isa = PBXGroup;
			children = (
				ECBB4B3D2B4D954F00145771 /* FirebaseAuthManager.swift */,
			);
			path = Manager;
			sourceTree = "<group>";
		};
		ECBB4B4C2B4D97F800145771 /* Register */ = {
			isa = PBXGroup;
			children = (
				ECBB4B4D2B4D980000145771 /* RegisterView.swift */,
				ECCA07452B4FF7BC000E7052 /* RegisterVC.swift */,
			);
			path = Register;
			sourceTree = "<group>";
		};
		ECBB4B4F2B4DAFD900145771 /* ForgotPassword */ = {
			isa = PBXGroup;
			children = (
				ECBB4B502B4DAFEC00145771 /* ForgotPasswordView.swift */,
				ECCA074A2B50047D000E7052 /* ForgotPasswordVC.swift */,
			);
			path = ForgotPassword;
			sourceTree = "<group>";
		};
		ECCA07472B4FF8EF000E7052 /* Tabbar */ = {
			isa = PBXGroup;
			children = (
				ECCA07482B4FF8FF000E7052 /* MainTabBarController.swift */,
			);
			path = Tabbar;
			sourceTree = "<group>";
		};
		ECCA07512B5008A3000E7052 /* Alert */ = {
			isa = PBXGroup;
			children = (
				ECCA07522B5008B9000E7052 /* AlertVC.swift */,
				ECCA07542B5008F8000E7052 /* AlertContainerView.swift */,
			);
			path = Alert;
			sourceTree = "<group>";
		};
		ECCA075A2B5172E0000E7052 /* Home */ = {
			isa = PBXGroup;
			children = (
				ECCA07692B532EE6000E7052 /* View */,
				ECCA075B2B5172E8000E7052 /* HomeVC.swift */,
			);
			path = Home;
			sourceTree = "<group>";
		};
		ECCA075D2B517327000E7052 /* Search */ = {
			isa = PBXGroup;
			children = (
				ECCA075E2B517334000E7052 /* SearchVC.swift */,
			);
			path = Search;
			sourceTree = "<group>";
		};
		ECCA07602B517368000E7052 /* Cart */ = {
			isa = PBXGroup;
			children = (
				ECCA07612B517378000E7052 /* CartVC.swift */,
			);
			path = Cart;
			sourceTree = "<group>";
		};
		ECCA07632B5173A7000E7052 /* Profile */ = {
			isa = PBXGroup;
			children = (
				ECCA07642B5173AE000E7052 /* ProfileVC.swift */,
			);
			path = Profile;
			sourceTree = "<group>";
		};
		ECCA07662B532C4C000E7052 /* ImageView */ = {
			isa = PBXGroup;
			children = (
				ECCA07672B532C59000E7052 /* CustomImageView.swift */,
			);
			path = ImageView;
			sourceTree = "<group>";
		};
		ECCA07692B532EE6000E7052 /* View */ = {
			isa = PBXGroup;
			children = (
				ECCA076A2B532EF5000E7052 /* Cells */,
			);
			path = View;
			sourceTree = "<group>";
		};
		ECCA076A2B532EF5000E7052 /* Cells */ = {
			isa = PBXGroup;
			children = (
				ECCA076B2B532FBE000E7052 /* SpecialCollectionCell.swift */,
				ECCA07702B543C16000E7052 /* CategoryCollectionCell.swift */,
			);
			path = Cells;
			sourceTree = "<group>";
		};
/* End PBXGroup section */

/* Begin PBXNativeTarget section */
		ECBB4AE12B4B236200145771 /* E-Commerce */ = {
			isa = PBXNativeTarget;
			buildConfigurationList = ECBB4AF62B4B236400145771 /* Build configuration list for PBXNativeTarget "E-Commerce" */;
			buildPhases = (
				ECBB4ADE2B4B236200145771 /* Sources */,
				ECBB4ADF2B4B236200145771 /* Frameworks */,
				ECBB4AE02B4B236200145771 /* Resources */,
			);
			buildRules = (
			);
			dependencies = (
			);
			name = "E-Commerce";
			packageProductDependencies = (
				ECBB4B032B4B258D00145771 /* Alamofire */,
				ECBB4B242B4B3AFA00145771 /* SnapKit */,
				ECBB4B262B4B3AFA00145771 /* SnapKit-Dynamic */,
				ECBB4B282B4C455500145771 /* SnapKit */,
				ECBB4B2A2B4C455500145771 /* SnapKit-Dynamic */,
				ECBB4B532B4E8A3900145771 /* FirebaseAnalytics */,
				ECBB4B552B4E8A3900145771 /* FirebaseAnalyticsOnDeviceConversion */,
				ECBB4B572B4E8A3900145771 /* FirebaseAnalyticsSwift */,
				ECBB4B592B4E8A3900145771 /* FirebaseAnalyticsWithoutAdIdSupport */,
				ECBB4B5B2B4E8A3900145771 /* FirebaseAppCheck */,
				ECBB4B5D2B4E8A3900145771 /* FirebaseAppDistribution-Beta */,
				ECBB4B5F2B4E8A3900145771 /* FirebaseAuth */,
				ECBB4B612B4E8A3900145771 /* FirebaseAuthCombine-Community */,
				ECBB4B632B4E8A3900145771 /* FirebaseCrashlytics */,
				ECBB4B652B4E8A3900145771 /* FirebaseDatabase */,
				ECBB4B672B4E8A3900145771 /* FirebaseDatabaseSwift */,
				ECBB4B692B4E8A3900145771 /* FirebaseDynamicLinks */,
				ECBB4B6B2B4E8A3900145771 /* FirebaseFirestore */,
				ECBB4B6D2B4E8A3900145771 /* FirebaseFirestoreCombine-Community */,
				ECBB4B6F2B4E8A3900145771 /* FirebaseFirestoreSwift */,
				ECBB4B712B4E8A3900145771 /* FirebaseFunctions */,
				ECBB4B732B4E8A3900145771 /* FirebaseFunctionsCombine-Community */,
				ECBB4B752B4E8A3900145771 /* FirebaseInAppMessaging-Beta */,
				ECBB4B772B4E8A3900145771 /* FirebaseInAppMessagingSwift-Beta */,
				ECBB4B792B4E8A3900145771 /* FirebaseInstallations */,
				ECBB4B7B2B4E8A3900145771 /* FirebaseMLModelDownloader */,
				ECBB4B7D2B4E8A3900145771 /* FirebaseMessaging */,
				ECBB4B7F2B4E8A3900145771 /* FirebasePerformance */,
				ECBB4B812B4E8A3900145771 /* FirebaseRemoteConfig */,
				ECBB4B832B4E8A3900145771 /* FirebaseRemoteConfigSwift */,
				ECBB4B852B4E8A3900145771 /* FirebaseStorage */,
				ECBB4B872B4E8A3900145771 /* FirebaseStorageCombine-Community */,
				ECCA074D2B5006B3000E7052 /* GoogleSignIn */,
				ECCA074F2B5006B3000E7052 /* GoogleSignInSwift */,
				ECCA076E2B53E89C000E7052 /* Kingfisher */,
			);
			productName = "E-Commerce";
			productReference = ECBB4AE22B4B236200145771 /* E-Commerce.app */;
			productType = "com.apple.product-type.application";
		};
/* End PBXNativeTarget section */

/* Begin PBXProject section */
		ECBB4ADA2B4B236200145771 /* Project object */ = {
			isa = PBXProject;
			attributes = {
				BuildIndependentTargetsInParallel = 1;
				LastSwiftUpdateCheck = 1500;
				LastUpgradeCheck = 1500;
				TargetAttributes = {
					ECBB4AE12B4B236200145771 = {
						CreatedOnToolsVersion = 15.0;
					};
				};
			};
			buildConfigurationList = ECBB4ADD2B4B236200145771 /* Build configuration list for PBXProject "E-Commerce" */;
			compatibilityVersion = "Xcode 14.0";
			developmentRegion = en;
			hasScannedForEncodings = 0;
			knownRegions = (
				en,
				Base,
			);
			mainGroup = ECBB4AD92B4B236200145771;
			packageReferences = (
				ECBB4B022B4B258D00145771 /* XCRemoteSwiftPackageReference "Alamofire" */,
				ECBB4B232B4B3AFA00145771 /* XCRemoteSwiftPackageReference "SnapKit" */,
				ECBB4B522B4E8A3900145771 /* XCRemoteSwiftPackageReference "firebase-ios-sdk" */,
				ECCA074C2B5006B3000E7052 /* XCRemoteSwiftPackageReference "GoogleSignIn-iOS" */,
				ECCA076D2B53E89C000E7052 /* XCRemoteSwiftPackageReference "Kingfisher" */,
			);
			productRefGroup = ECBB4AE32B4B236200145771 /* Products */;
			projectDirPath = "";
			projectRoot = "";
			targets = (
				ECBB4AE12B4B236200145771 /* E-Commerce */,
			);
		};
/* End PBXProject section */

/* Begin PBXResourcesBuildPhase section */
		ECBB4AE02B4B236200145771 /* Resources */ = {
			isa = PBXResourcesBuildPhase;
			buildActionMask = 2147483647;
			files = (
				ECBB4AF22B4B236400145771 /* LaunchScreen.storyboard in Resources */,
				ECBB4AEF2B4B236400145771 /* Assets.xcassets in Resources */,
			);
			runOnlyForDeploymentPostprocessing = 0;
		};
/* End PBXResourcesBuildPhase section */

/* Begin PBXSourcesBuildPhase section */
		ECBB4ADE2B4B236200145771 /* Sources */ = {
			isa = PBXSourcesBuildPhase;
			buildActionMask = 2147483647;
			files = (
				ECBB4AEA2B4B236200145771 /* ViewController.swift in Sources */,
				ECCA076C2B532FBE000E7052 /* SpecialCollectionCell.swift in Sources */,
				ECBB4B172B4B34A200145771 /* CustomTextField.swift in Sources */,
				ECBB4B092B4B299500145771 /* Product.swift in Sources */,
				ECCA07532B5008B9000E7052 /* AlertVC.swift in Sources */,
				ECBB4B3E2B4D954F00145771 /* FirebaseAuthManager.swift in Sources */,
				ECCA07592B501867000E7052 /* LoadingView.swift in Sources */,
				ECCA075F2B517334000E7052 /* SearchVC.swift in Sources */,
				ECCA07682B532C59000E7052 /* CustomImageView.swift in Sources */,
				ECCA07552B5008F8000E7052 /* AlertContainerView.swift in Sources */,
				ECBB4B1C2B4B384900145771 /* SecondaryTitleLabel.swift in Sources */,
				ECBB4AE62B4B236200145771 /* AppDelegate.swift in Sources */,
				ECCA07492B4FF8FF000E7052 /* MainTabBarController.swift in Sources */,
				ECBB4B012B4B257D00145771 /* AlamofireService.swift in Sources */,
				ECBB4B8A2B4E9BED00145771 /* FirestoreService.swift in Sources */,
				ECBB4B142B4B325E00145771 /* CustomButton.swift in Sources */,
				ECBB4B4E2B4D980000145771 /* RegisterView.swift in Sources */,
				ECBB4B072B4B298D00145771 /* UserModel.swift in Sources */,
				ECBB4B222B4B396900145771 /* LoginView.swift in Sources */,
				ECBB4B402B4D959B00145771 /* ApplicationVariables.swift in Sources */,
				ECCA074B2B50047D000E7052 /* ForgotPasswordVC.swift in Sources */,
				ECBB4AE82B4B236200145771 /* SceneDelegate.swift in Sources */,
				ECCA07652B5173AE000E7052 /* ProfileVC.swift in Sources */,
				ECBB4B102B4B2F7F00145771 /* UIStackView+Ext.swift in Sources */,
				ECCA07462B4FF7BC000E7052 /* RegisterVC.swift in Sources */,
				ECBB4B1A2B4B37F400145771 /* TitleLabel.swift in Sources */,
				ECBB4B302B4D945200145771 /* AuthViewModel.swift in Sources */,
				ECCA075C2B5172E8000E7052 /* HomeVC.swift in Sources */,
				ECBB4B0E2B4B2F3900145771 /* String+Ext.swift in Sources */,
				ECBB4B0B2B4B29A200145771 /* CartItem.swift in Sources */,
				ECCA07712B543C16000E7052 /* CategoryCollectionCell.swift in Sources */,
				ECBB4B512B4DAFEC00145771 /* ForgotPasswordView.swift in Sources */,
				ECBB4B2D2B4D848000145771 /* LoginVC.swift in Sources */,
				ECCA07572B5017B9000E7052 /* UIViewController+Ext.swift in Sources */,
				ECCA07622B517378000E7052 /* CartVC.swift in Sources */,
			);
			runOnlyForDeploymentPostprocessing = 0;
		};
/* End PBXSourcesBuildPhase section */

/* Begin PBXVariantGroup section */
		ECBB4AF02B4B236400145771 /* LaunchScreen.storyboard */ = {
			isa = PBXVariantGroup;
			children = (
				ECBB4AF12B4B236400145771 /* Base */,
			);
			name = LaunchScreen.storyboard;
			sourceTree = "<group>";
		};
/* End PBXVariantGroup section */

/* Begin XCBuildConfiguration section */
		ECBB4AF42B4B236400145771 /* Debug */ = {
			isa = XCBuildConfiguration;
			buildSettings = {
				ALWAYS_SEARCH_USER_PATHS = NO;
				ASSETCATALOG_COMPILER_GENERATE_SWIFT_ASSET_SYMBOL_EXTENSIONS = YES;
				CLANG_ANALYZER_NONNULL = YES;
				CLANG_ANALYZER_NUMBER_OBJECT_CONVERSION = YES_AGGRESSIVE;
				CLANG_CXX_LANGUAGE_STANDARD = "gnu++20";
				CLANG_ENABLE_MODULES = YES;
				CLANG_ENABLE_OBJC_ARC = YES;
				CLANG_ENABLE_OBJC_WEAK = YES;
				CLANG_WARN_BLOCK_CAPTURE_AUTORELEASING = YES;
				CLANG_WARN_BOOL_CONVERSION = YES;
				CLANG_WARN_COMMA = YES;
				CLANG_WARN_CONSTANT_CONVERSION = YES;
				CLANG_WARN_DEPRECATED_OBJC_IMPLEMENTATIONS = YES;
				CLANG_WARN_DIRECT_OBJC_ISA_USAGE = YES_ERROR;
				CLANG_WARN_DOCUMENTATION_COMMENTS = YES;
				CLANG_WARN_EMPTY_BODY = YES;
				CLANG_WARN_ENUM_CONVERSION = YES;
				CLANG_WARN_INFINITE_RECURSION = YES;
				CLANG_WARN_INT_CONVERSION = YES;
				CLANG_WARN_NON_LITERAL_NULL_CONVERSION = YES;
				CLANG_WARN_OBJC_IMPLICIT_RETAIN_SELF = YES;
				CLANG_WARN_OBJC_LITERAL_CONVERSION = YES;
				CLANG_WARN_OBJC_ROOT_CLASS = YES_ERROR;
				CLANG_WARN_QUOTED_INCLUDE_IN_FRAMEWORK_HEADER = YES;
				CLANG_WARN_RANGE_LOOP_ANALYSIS = YES;
				CLANG_WARN_STRICT_PROTOTYPES = YES;
				CLANG_WARN_SUSPICIOUS_MOVE = YES;
				CLANG_WARN_UNGUARDED_AVAILABILITY = YES_AGGRESSIVE;
				CLANG_WARN_UNREACHABLE_CODE = YES;
				CLANG_WARN__DUPLICATE_METHOD_MATCH = YES;
				COPY_PHASE_STRIP = NO;
				DEBUG_INFORMATION_FORMAT = dwarf;
				ENABLE_STRICT_OBJC_MSGSEND = YES;
				ENABLE_TESTABILITY = YES;
				ENABLE_USER_SCRIPT_SANDBOXING = YES;
				GCC_C_LANGUAGE_STANDARD = gnu17;
				GCC_DYNAMIC_NO_PIC = NO;
				GCC_NO_COMMON_BLOCKS = YES;
				GCC_OPTIMIZATION_LEVEL = 0;
				GCC_PREPROCESSOR_DEFINITIONS = (
					"DEBUG=1",
					"$(inherited)",
				);
				GCC_WARN_64_TO_32_BIT_CONVERSION = YES;
				GCC_WARN_ABOUT_RETURN_TYPE = YES_ERROR;
				GCC_WARN_UNDECLARED_SELECTOR = YES;
				GCC_WARN_UNINITIALIZED_AUTOS = YES_AGGRESSIVE;
				GCC_WARN_UNUSED_FUNCTION = YES;
				GCC_WARN_UNUSED_VARIABLE = YES;
				IPHONEOS_DEPLOYMENT_TARGET = 17.0;
				LOCALIZATION_PREFERS_STRING_CATALOGS = YES;
				MTL_ENABLE_DEBUG_INFO = INCLUDE_SOURCE;
				MTL_FAST_MATH = YES;
				ONLY_ACTIVE_ARCH = YES;
				SDKROOT = iphoneos;
				SWIFT_ACTIVE_COMPILATION_CONDITIONS = "DEBUG $(inherited)";
				SWIFT_OPTIMIZATION_LEVEL = "-Onone";
			};
			name = Debug;
		};
		ECBB4AF52B4B236400145771 /* Release */ = {
			isa = XCBuildConfiguration;
			buildSettings = {
				ALWAYS_SEARCH_USER_PATHS = NO;
				ASSETCATALOG_COMPILER_GENERATE_SWIFT_ASSET_SYMBOL_EXTENSIONS = YES;
				CLANG_ANALYZER_NONNULL = YES;
				CLANG_ANALYZER_NUMBER_OBJECT_CONVERSION = YES_AGGRESSIVE;
				CLANG_CXX_LANGUAGE_STANDARD = "gnu++20";
				CLANG_ENABLE_MODULES = YES;
				CLANG_ENABLE_OBJC_ARC = YES;
				CLANG_ENABLE_OBJC_WEAK = YES;
				CLANG_WARN_BLOCK_CAPTURE_AUTORELEASING = YES;
				CLANG_WARN_BOOL_CONVERSION = YES;
				CLANG_WARN_COMMA = YES;
				CLANG_WARN_CONSTANT_CONVERSION = YES;
				CLANG_WARN_DEPRECATED_OBJC_IMPLEMENTATIONS = YES;
				CLANG_WARN_DIRECT_OBJC_ISA_USAGE = YES_ERROR;
				CLANG_WARN_DOCUMENTATION_COMMENTS = YES;
				CLANG_WARN_EMPTY_BODY = YES;
				CLANG_WARN_ENUM_CONVERSION = YES;
				CLANG_WARN_INFINITE_RECURSION = YES;
				CLANG_WARN_INT_CONVERSION = YES;
				CLANG_WARN_NON_LITERAL_NULL_CONVERSION = YES;
				CLANG_WARN_OBJC_IMPLICIT_RETAIN_SELF = YES;
				CLANG_WARN_OBJC_LITERAL_CONVERSION = YES;
				CLANG_WARN_OBJC_ROOT_CLASS = YES_ERROR;
				CLANG_WARN_QUOTED_INCLUDE_IN_FRAMEWORK_HEADER = YES;
				CLANG_WARN_RANGE_LOOP_ANALYSIS = YES;
				CLANG_WARN_STRICT_PROTOTYPES = YES;
				CLANG_WARN_SUSPICIOUS_MOVE = YES;
				CLANG_WARN_UNGUARDED_AVAILABILITY = YES_AGGRESSIVE;
				CLANG_WARN_UNREACHABLE_CODE = YES;
				CLANG_WARN__DUPLICATE_METHOD_MATCH = YES;
				COPY_PHASE_STRIP = NO;
				DEBUG_INFORMATION_FORMAT = "dwarf-with-dsym";
				ENABLE_NS_ASSERTIONS = NO;
				ENABLE_STRICT_OBJC_MSGSEND = YES;
				ENABLE_USER_SCRIPT_SANDBOXING = YES;
				GCC_C_LANGUAGE_STANDARD = gnu17;
				GCC_NO_COMMON_BLOCKS = YES;
				GCC_WARN_64_TO_32_BIT_CONVERSION = YES;
				GCC_WARN_ABOUT_RETURN_TYPE = YES_ERROR;
				GCC_WARN_UNDECLARED_SELECTOR = YES;
				GCC_WARN_UNINITIALIZED_AUTOS = YES_AGGRESSIVE;
				GCC_WARN_UNUSED_FUNCTION = YES;
				GCC_WARN_UNUSED_VARIABLE = YES;
				IPHONEOS_DEPLOYMENT_TARGET = 17.0;
				LOCALIZATION_PREFERS_STRING_CATALOGS = YES;
				MTL_ENABLE_DEBUG_INFO = NO;
				MTL_FAST_MATH = YES;
				SDKROOT = iphoneos;
				SWIFT_COMPILATION_MODE = wholemodule;
				VALIDATE_PRODUCT = YES;
			};
			name = Release;
		};
		ECBB4AF72B4B236400145771 /* Debug */ = {
			isa = XCBuildConfiguration;
			buildSettings = {
				ASSETCATALOG_COMPILER_APPICON_NAME = AppIcon;
				ASSETCATALOG_COMPILER_GLOBAL_ACCENT_COLOR_NAME = AccentColor;
				CODE_SIGN_STYLE = Automatic;
				CURRENT_PROJECT_VERSION = 1;
				DEVELOPMENT_TEAM = 3KRQW7JR73;
				GENERATE_INFOPLIST_FILE = YES;
				INFOPLIST_FILE = "E-Commerce/Info.plist";
				INFOPLIST_KEY_UIApplicationSupportsIndirectInputEvents = YES;
				INFOPLIST_KEY_UILaunchStoryboardName = LaunchScreen;
				INFOPLIST_KEY_UISupportedInterfaceOrientations_iPad = "UIInterfaceOrientationPortrait UIInterfaceOrientationPortraitUpsideDown UIInterfaceOrientationLandscapeLeft UIInterfaceOrientationLandscapeRight";
				INFOPLIST_KEY_UISupportedInterfaceOrientations_iPhone = "UIInterfaceOrientationPortrait UIInterfaceOrientationLandscapeLeft UIInterfaceOrientationLandscapeRight";
				LD_RUNPATH_SEARCH_PATHS = (
					"$(inherited)",
					"@executable_path/Frameworks",
				);
				MARKETING_VERSION = 1.0;
				PRODUCT_BUNDLE_IDENTIFIER = "enes.E-Commerce";
				PRODUCT_NAME = "$(TARGET_NAME)";
				SWIFT_EMIT_LOC_STRINGS = YES;
				SWIFT_VERSION = 5.0;
				TARGETED_DEVICE_FAMILY = "1,2";
			};
			name = Debug;
		};
		ECBB4AF82B4B236400145771 /* Release */ = {
			isa = XCBuildConfiguration;
			buildSettings = {
				ASSETCATALOG_COMPILER_APPICON_NAME = AppIcon;
				ASSETCATALOG_COMPILER_GLOBAL_ACCENT_COLOR_NAME = AccentColor;
				CODE_SIGN_STYLE = Automatic;
				CURRENT_PROJECT_VERSION = 1;
				DEVELOPMENT_TEAM = 3KRQW7JR73;
				GENERATE_INFOPLIST_FILE = YES;
				INFOPLIST_FILE = "E-Commerce/Info.plist";
				INFOPLIST_KEY_UIApplicationSupportsIndirectInputEvents = YES;
				INFOPLIST_KEY_UILaunchStoryboardName = LaunchScreen;
				INFOPLIST_KEY_UISupportedInterfaceOrientations_iPad = "UIInterfaceOrientationPortrait UIInterfaceOrientationPortraitUpsideDown UIInterfaceOrientationLandscapeLeft UIInterfaceOrientationLandscapeRight";
				INFOPLIST_KEY_UISupportedInterfaceOrientations_iPhone = "UIInterfaceOrientationPortrait UIInterfaceOrientationLandscapeLeft UIInterfaceOrientationLandscapeRight";
				LD_RUNPATH_SEARCH_PATHS = (
					"$(inherited)",
					"@executable_path/Frameworks",
				);
				MARKETING_VERSION = 1.0;
				PRODUCT_BUNDLE_IDENTIFIER = "enes.E-Commerce";
				PRODUCT_NAME = "$(TARGET_NAME)";
				SWIFT_EMIT_LOC_STRINGS = YES;
				SWIFT_VERSION = 5.0;
				TARGETED_DEVICE_FAMILY = "1,2";
			};
			name = Release;
		};
/* End XCBuildConfiguration section */

/* Begin XCConfigurationList section */
		ECBB4ADD2B4B236200145771 /* Build configuration list for PBXProject "E-Commerce" */ = {
			isa = XCConfigurationList;
			buildConfigurations = (
				ECBB4AF42B4B236400145771 /* Debug */,
				ECBB4AF52B4B236400145771 /* Release */,
			);
			defaultConfigurationIsVisible = 0;
			defaultConfigurationName = Release;
		};
		ECBB4AF62B4B236400145771 /* Build configuration list for PBXNativeTarget "E-Commerce" */ = {
			isa = XCConfigurationList;
			buildConfigurations = (
				ECBB4AF72B4B236400145771 /* Debug */,
				ECBB4AF82B4B236400145771 /* Release */,
			);
			defaultConfigurationIsVisible = 0;
			defaultConfigurationName = Release;
		};
/* End XCConfigurationList section */

/* Begin XCRemoteSwiftPackageReference section */
		ECBB4B022B4B258D00145771 /* XCRemoteSwiftPackageReference "Alamofire" */ = {
			isa = XCRemoteSwiftPackageReference;
			repositoryURL = "https://github.com/Alamofire/Alamofire.git";
			requirement = {
				kind = upToNextMajorVersion;
				minimumVersion = 5.8.1;
			};
		};
		ECBB4B232B4B3AFA00145771 /* XCRemoteSwiftPackageReference "SnapKit" */ = {
			isa = XCRemoteSwiftPackageReference;
			repositoryURL = "https://github.com/SnapKit/SnapKit.git";
			requirement = {
				kind = upToNextMajorVersion;
				minimumVersion = 5.7.0;
			};
		};
		ECBB4B522B4E8A3900145771 /* XCRemoteSwiftPackageReference "firebase-ios-sdk" */ = {
			isa = XCRemoteSwiftPackageReference;
			repositoryURL = "https://github.com/firebase/firebase-ios-sdk";
			requirement = {
				kind = upToNextMajorVersion;
				minimumVersion = 10.19.1;
			};
		};
		ECCA074C2B5006B3000E7052 /* XCRemoteSwiftPackageReference "GoogleSignIn-iOS" */ = {
			isa = XCRemoteSwiftPackageReference;
			repositoryURL = "https://github.com/google/GoogleSignIn-iOS.git";
			requirement = {
				kind = upToNextMajorVersion;
				minimumVersion = 7.0.0;
			};
		};
		ECCA076D2B53E89C000E7052 /* XCRemoteSwiftPackageReference "Kingfisher" */ = {
			isa = XCRemoteSwiftPackageReference;
			repositoryURL = "https://github.com/onevcat/Kingfisher.git";
			requirement = {
				kind = upToNextMajorVersion;
				minimumVersion = 7.10.2;
			};
		};
/* End XCRemoteSwiftPackageReference section */

/* Begin XCSwiftPackageProductDependency section */
		ECBB4B032B4B258D00145771 /* Alamofire */ = {
			isa = XCSwiftPackageProductDependency;
			package = ECBB4B022B4B258D00145771 /* XCRemoteSwiftPackageReference "Alamofire" */;
			productName = Alamofire;
		};
		ECBB4B242B4B3AFA00145771 /* SnapKit */ = {
			isa = XCSwiftPackageProductDependency;
			package = ECBB4B232B4B3AFA00145771 /* XCRemoteSwiftPackageReference "SnapKit" */;
			productName = SnapKit;
		};
		ECBB4B262B4B3AFA00145771 /* SnapKit-Dynamic */ = {
			isa = XCSwiftPackageProductDependency;
			package = ECBB4B232B4B3AFA00145771 /* XCRemoteSwiftPackageReference "SnapKit" */;
			productName = "SnapKit-Dynamic";
		};
		ECBB4B282B4C455500145771 /* SnapKit */ = {
			isa = XCSwiftPackageProductDependency;
			package = ECBB4B232B4B3AFA00145771 /* XCRemoteSwiftPackageReference "SnapKit" */;
			productName = SnapKit;
		};
		ECBB4B2A2B4C455500145771 /* SnapKit-Dynamic */ = {
			isa = XCSwiftPackageProductDependency;
			package = ECBB4B232B4B3AFA00145771 /* XCRemoteSwiftPackageReference "SnapKit" */;
			productName = "SnapKit-Dynamic";
		};
		ECBB4B532B4E8A3900145771 /* FirebaseAnalytics */ = {
			isa = XCSwiftPackageProductDependency;
			package = ECBB4B522B4E8A3900145771 /* XCRemoteSwiftPackageReference "firebase-ios-sdk" */;
			productName = FirebaseAnalytics;
		};
		ECBB4B552B4E8A3900145771 /* FirebaseAnalyticsOnDeviceConversion */ = {
			isa = XCSwiftPackageProductDependency;
			package = ECBB4B522B4E8A3900145771 /* XCRemoteSwiftPackageReference "firebase-ios-sdk" */;
			productName = FirebaseAnalyticsOnDeviceConversion;
		};
		ECBB4B572B4E8A3900145771 /* FirebaseAnalyticsSwift */ = {
			isa = XCSwiftPackageProductDependency;
			package = ECBB4B522B4E8A3900145771 /* XCRemoteSwiftPackageReference "firebase-ios-sdk" */;
			productName = FirebaseAnalyticsSwift;
		};
		ECBB4B592B4E8A3900145771 /* FirebaseAnalyticsWithoutAdIdSupport */ = {
			isa = XCSwiftPackageProductDependency;
			package = ECBB4B522B4E8A3900145771 /* XCRemoteSwiftPackageReference "firebase-ios-sdk" */;
			productName = FirebaseAnalyticsWithoutAdIdSupport;
		};
		ECBB4B5B2B4E8A3900145771 /* FirebaseAppCheck */ = {
			isa = XCSwiftPackageProductDependency;
			package = ECBB4B522B4E8A3900145771 /* XCRemoteSwiftPackageReference "firebase-ios-sdk" */;
			productName = FirebaseAppCheck;
		};
		ECBB4B5D2B4E8A3900145771 /* FirebaseAppDistribution-Beta */ = {
			isa = XCSwiftPackageProductDependency;
			package = ECBB4B522B4E8A3900145771 /* XCRemoteSwiftPackageReference "firebase-ios-sdk" */;
			productName = "FirebaseAppDistribution-Beta";
		};
		ECBB4B5F2B4E8A3900145771 /* FirebaseAuth */ = {
			isa = XCSwiftPackageProductDependency;
			package = ECBB4B522B4E8A3900145771 /* XCRemoteSwiftPackageReference "firebase-ios-sdk" */;
			productName = FirebaseAuth;
		};
		ECBB4B612B4E8A3900145771 /* FirebaseAuthCombine-Community */ = {
			isa = XCSwiftPackageProductDependency;
			package = ECBB4B522B4E8A3900145771 /* XCRemoteSwiftPackageReference "firebase-ios-sdk" */;
			productName = "FirebaseAuthCombine-Community";
		};
		ECBB4B632B4E8A3900145771 /* FirebaseCrashlytics */ = {
			isa = XCSwiftPackageProductDependency;
			package = ECBB4B522B4E8A3900145771 /* XCRemoteSwiftPackageReference "firebase-ios-sdk" */;
			productName = FirebaseCrashlytics;
		};
		ECBB4B652B4E8A3900145771 /* FirebaseDatabase */ = {
			isa = XCSwiftPackageProductDependency;
			package = ECBB4B522B4E8A3900145771 /* XCRemoteSwiftPackageReference "firebase-ios-sdk" */;
			productName = FirebaseDatabase;
		};
		ECBB4B672B4E8A3900145771 /* FirebaseDatabaseSwift */ = {
			isa = XCSwiftPackageProductDependency;
			package = ECBB4B522B4E8A3900145771 /* XCRemoteSwiftPackageReference "firebase-ios-sdk" */;
			productName = FirebaseDatabaseSwift;
		};
		ECBB4B692B4E8A3900145771 /* FirebaseDynamicLinks */ = {
			isa = XCSwiftPackageProductDependency;
			package = ECBB4B522B4E8A3900145771 /* XCRemoteSwiftPackageReference "firebase-ios-sdk" */;
			productName = FirebaseDynamicLinks;
		};
		ECBB4B6B2B4E8A3900145771 /* FirebaseFirestore */ = {
			isa = XCSwiftPackageProductDependency;
			package = ECBB4B522B4E8A3900145771 /* XCRemoteSwiftPackageReference "firebase-ios-sdk" */;
			productName = FirebaseFirestore;
		};
		ECBB4B6D2B4E8A3900145771 /* FirebaseFirestoreCombine-Community */ = {
			isa = XCSwiftPackageProductDependency;
			package = ECBB4B522B4E8A3900145771 /* XCRemoteSwiftPackageReference "firebase-ios-sdk" */;
			productName = "FirebaseFirestoreCombine-Community";
		};
		ECBB4B6F2B4E8A3900145771 /* FirebaseFirestoreSwift */ = {
			isa = XCSwiftPackageProductDependency;
			package = ECBB4B522B4E8A3900145771 /* XCRemoteSwiftPackageReference "firebase-ios-sdk" */;
			productName = FirebaseFirestoreSwift;
		};
		ECBB4B712B4E8A3900145771 /* FirebaseFunctions */ = {
			isa = XCSwiftPackageProductDependency;
			package = ECBB4B522B4E8A3900145771 /* XCRemoteSwiftPackageReference "firebase-ios-sdk" */;
			productName = FirebaseFunctions;
		};
		ECBB4B732B4E8A3900145771 /* FirebaseFunctionsCombine-Community */ = {
			isa = XCSwiftPackageProductDependency;
			package = ECBB4B522B4E8A3900145771 /* XCRemoteSwiftPackageReference "firebase-ios-sdk" */;
			productName = "FirebaseFunctionsCombine-Community";
		};
		ECBB4B752B4E8A3900145771 /* FirebaseInAppMessaging-Beta */ = {
			isa = XCSwiftPackageProductDependency;
			package = ECBB4B522B4E8A3900145771 /* XCRemoteSwiftPackageReference "firebase-ios-sdk" */;
			productName = "FirebaseInAppMessaging-Beta";
		};
		ECBB4B772B4E8A3900145771 /* FirebaseInAppMessagingSwift-Beta */ = {
			isa = XCSwiftPackageProductDependency;
			package = ECBB4B522B4E8A3900145771 /* XCRemoteSwiftPackageReference "firebase-ios-sdk" */;
			productName = "FirebaseInAppMessagingSwift-Beta";
		};
		ECBB4B792B4E8A3900145771 /* FirebaseInstallations */ = {
			isa = XCSwiftPackageProductDependency;
			package = ECBB4B522B4E8A3900145771 /* XCRemoteSwiftPackageReference "firebase-ios-sdk" */;
			productName = FirebaseInstallations;
		};
		ECBB4B7B2B4E8A3900145771 /* FirebaseMLModelDownloader */ = {
			isa = XCSwiftPackageProductDependency;
			package = ECBB4B522B4E8A3900145771 /* XCRemoteSwiftPackageReference "firebase-ios-sdk" */;
			productName = FirebaseMLModelDownloader;
		};
		ECBB4B7D2B4E8A3900145771 /* FirebaseMessaging */ = {
			isa = XCSwiftPackageProductDependency;
			package = ECBB4B522B4E8A3900145771 /* XCRemoteSwiftPackageReference "firebase-ios-sdk" */;
			productName = FirebaseMessaging;
		};
		ECBB4B7F2B4E8A3900145771 /* FirebasePerformance */ = {
			isa = XCSwiftPackageProductDependency;
			package = ECBB4B522B4E8A3900145771 /* XCRemoteSwiftPackageReference "firebase-ios-sdk" */;
			productName = FirebasePerformance;
		};
		ECBB4B812B4E8A3900145771 /* FirebaseRemoteConfig */ = {
			isa = XCSwiftPackageProductDependency;
			package = ECBB4B522B4E8A3900145771 /* XCRemoteSwiftPackageReference "firebase-ios-sdk" */;
			productName = FirebaseRemoteConfig;
		};
		ECBB4B832B4E8A3900145771 /* FirebaseRemoteConfigSwift */ = {
			isa = XCSwiftPackageProductDependency;
			package = ECBB4B522B4E8A3900145771 /* XCRemoteSwiftPackageReference "firebase-ios-sdk" */;
			productName = FirebaseRemoteConfigSwift;
		};
		ECBB4B852B4E8A3900145771 /* FirebaseStorage */ = {
			isa = XCSwiftPackageProductDependency;
			package = ECBB4B522B4E8A3900145771 /* XCRemoteSwiftPackageReference "firebase-ios-sdk" */;
			productName = FirebaseStorage;
		};
		ECBB4B872B4E8A3900145771 /* FirebaseStorageCombine-Community */ = {
			isa = XCSwiftPackageProductDependency;
			package = ECBB4B522B4E8A3900145771 /* XCRemoteSwiftPackageReference "firebase-ios-sdk" */;
			productName = "FirebaseStorageCombine-Community";
		};
		ECCA074D2B5006B3000E7052 /* GoogleSignIn */ = {
			isa = XCSwiftPackageProductDependency;
			package = ECCA074C2B5006B3000E7052 /* XCRemoteSwiftPackageReference "GoogleSignIn-iOS" */;
			productName = GoogleSignIn;
		};
		ECCA074F2B5006B3000E7052 /* GoogleSignInSwift */ = {
			isa = XCSwiftPackageProductDependency;
			package = ECCA074C2B5006B3000E7052 /* XCRemoteSwiftPackageReference "GoogleSignIn-iOS" */;
			productName = GoogleSignInSwift;
		};
		ECCA076E2B53E89C000E7052 /* Kingfisher */ = {
			isa = XCSwiftPackageProductDependency;
			package = ECCA076D2B53E89C000E7052 /* XCRemoteSwiftPackageReference "Kingfisher" */;
			productName = Kingfisher;
		};
/* End XCSwiftPackageProductDependency section */
	};
	rootObject = ECBB4ADA2B4B236200145771 /* Project object */;
}
